// !$*UTF8*$!
{
	archiveVersion = 1;
	classes = {
	};
	objectVersion = 56;
	objects = {

/* Begin PBXBuildFile section */
		03BBBEFD2C696E5500E8B611 /* FinalProjectApp.swift in Sources */ = {isa = PBXBuildFile; fileRef = 03BBBEFC2C696E5500E8B611 /* FinalProjectApp.swift */; };
		03BBBEFF2C696E5500E8B611 /* ContentView.swift in Sources */ = {isa = PBXBuildFile; fileRef = 03BBBEFE2C696E5500E8B611 /* ContentView.swift */; };
		03BBBF012C696E5800E8B611 /* Assets.xcassets in Resources */ = {isa = PBXBuildFile; fileRef = 03BBBF002C696E5800E8B611 /* Assets.xcassets */; };
		03BBBF0E2C696E5900E8B611 /* FinalProjectTests.swift in Sources */ = {isa = PBXBuildFile; fileRef = 03BBBF0D2C696E5900E8B611 /* FinalProjectTests.swift */; };
		03BBBF182C696E5900E8B611 /* FinalProjectUITests.swift in Sources */ = {isa = PBXBuildFile; fileRef = 03BBBF172C696E5900E8B611 /* FinalProjectUITests.swift */; };
		03BBBF1A2C696E5900E8B611 /* FinalProjectUITestsLaunchTests.swift in Sources */ = {isa = PBXBuildFile; fileRef = 03BBBF192C696E5900E8B611 /* FinalProjectUITestsLaunchTests.swift */; };
		03BBBF272C696EDB00E8B611 /* GameView.swift in Sources */ = {isa = PBXBuildFile; fileRef = 03BBBF262C696EDB00E8B611 /* GameView.swift */; };
		03BBBF2A2C69721400E8B611 /* Preview Assets.xcassets in Resources */ = {isa = PBXBuildFile; fileRef = 03BBBF292C69721400E8B611 /* Preview Assets.xcassets */; };
		03BBBF2C2C69746600E8B611 /* DatabaseManager.swift in Sources */ = {isa = PBXBuildFile; fileRef = 03BBBF2B2C69746600E8B611 /* DatabaseManager.swift */; };
		03BBBF2E2C69934B00E8B611 /* backgroundimage.jpg in Resources */ = {isa = PBXBuildFile; fileRef = 03BBBF2D2C69934B00E8B611 /* backgroundimage.jpg */; };
/* End PBXBuildFile section */

/* Begin PBXContainerItemProxy section */
		03BBBF0A2C696E5900E8B611 /* PBXContainerItemProxy */ = {
			isa = PBXContainerItemProxy;
			containerPortal = 03BBBEF12C696E5500E8B611 /* Project object */;
			proxyType = 1;
			remoteGlobalIDString = 03BBBEF82C696E5500E8B611;
			remoteInfo = FinalProject;
		};
		03BBBF142C696E5900E8B611 /* PBXContainerItemProxy */ = {
			isa = PBXContainerItemProxy;
			containerPortal = 03BBBEF12C696E5500E8B611 /* Project object */;
			proxyType = 1;
			remoteGlobalIDString = 03BBBEF82C696E5500E8B611;
			remoteInfo = FinalProject;
		};
/* End PBXContainerItemProxy section */

/* Begin PBXFileReference section */
		03BBBEF92C696E5500E8B611 /* FinalProject.app */ = {isa = PBXFileReference; explicitFileType = wrapper.application; includeInIndex = 0; path = FinalProject.app; sourceTree = BUILT_PRODUCTS_DIR; };
		03BBBEFC2C696E5500E8B611 /* FinalProjectApp.swift */ = {isa = PBXFileReference; lastKnownFileType = sourcecode.swift; path = FinalProjectApp.swift; sourceTree = "<group>"; };
		03BBBEFE2C696E5500E8B611 /* ContentView.swift */ = {isa = PBXFileReference; lastKnownFileType = sourcecode.swift; path = ContentView.swift; sourceTree = "<group>"; };
		03BBBF002C696E5800E8B611 /* Assets.xcassets */ = {isa = PBXFileReference; lastKnownFileType = folder.assetcatalog; path = Assets.xcassets; sourceTree = "<group>"; };
		03BBBF092C696E5900E8B611 /* FinalProjectTests.xctest */ = {isa = PBXFileReference; explicitFileType = wrapper.cfbundle; includeInIndex = 0; path = FinalProjectTests.xctest; sourceTree = BUILT_PRODUCTS_DIR; };
		03BBBF0D2C696E5900E8B611 /* FinalProjectTests.swift */ = {isa = PBXFileReference; lastKnownFileType = sourcecode.swift; path = FinalProjectTests.swift; sourceTree = "<group>"; };
		03BBBF132C696E5900E8B611 /* FinalProjectUITests.xctest */ = {isa = PBXFileReference; explicitFileType = wrapper.cfbundle; includeInIndex = 0; path = FinalProjectUITests.xctest; sourceTree = BUILT_PRODUCTS_DIR; };
		03BBBF172C696E5900E8B611 /* FinalProjectUITests.swift */ = {isa = PBXFileReference; lastKnownFileType = sourcecode.swift; path = FinalProjectUITests.swift; sourceTree = "<group>"; };
		03BBBF192C696E5900E8B611 /* FinalProjectUITestsLaunchTests.swift */ = {isa = PBXFileReference; lastKnownFileType = sourcecode.swift; path = FinalProjectUITestsLaunchTests.swift; sourceTree = "<group>"; };
		03BBBF262C696EDB00E8B611 /* GameView.swift */ = {isa = PBXFileReference; lastKnownFileType = sourcecode.swift; path = GameView.swift; sourceTree = "<group>"; };
		03BBBF292C69721400E8B611 /* Preview Assets.xcassets */ = {isa = PBXFileReference; lastKnownFileType = folder.assetcatalog; path = "Preview Assets.xcassets"; sourceTree = "<group>"; };
		03BBBF2B2C69746600E8B611 /* DatabaseManager.swift */ = {isa = PBXFileReference; lastKnownFileType = sourcecode.swift; path = DatabaseManager.swift; sourceTree = "<group>"; };
		03BBBF2D2C69934B00E8B611 /* backgroundimage.jpg */ = {isa = PBXFileReference; lastKnownFileType = image.jpeg; path = backgroundimage.jpg; sourceTree = "<group>"; };
/* End PBXFileReference section */

/* Begin PBXFrameworksBuildPhase section */
		03BBBEF62C696E5500E8B611 /* Frameworks */ = {
			isa = PBXFrameworksBuildPhase;
			buildActionMask = 2147483647;
			files = (
			);
			runOnlyForDeploymentPostprocessing = 0;
		};
		03BBBF062C696E5900E8B611 /* Frameworks */ = {
			isa = PBXFrameworksBuildPhase;
			buildActionMask = 2147483647;
			files = (
			);
			runOnlyForDeploymentPostprocessing = 0;
		};
		03BBBF102C696E5900E8B611 /* Frameworks */ = {
			isa = PBXFrameworksBuildPhase;
			buildActionMask = 2147483647;
			files = (
			);
			runOnlyForDeploymentPostprocessing = 0;
		};
/* End PBXFrameworksBuildPhase section */

/* Begin PBXGroup section */
		03BBBEF02C696E5500E8B611 = {
			isa = PBXGroup;
			children = (
				03BBBEFB2C696E5500E8B611 /* FinalProject */,
				03BBBF0C2C696E5900E8B611 /* FinalProjectTests */,
				03BBBF162C696E5900E8B611 /* FinalProjectUITests */,
				03BBBEFA2C696E5500E8B611 /* Products */,
			);
			sourceTree = "<group>";
		};
		03BBBEFA2C696E5500E8B611 /* Products */ = {
			isa = PBXGroup;
			children = (
				03BBBEF92C696E5500E8B611 /* FinalProject.app */,
				03BBBF092C696E5900E8B611 /* FinalProjectTests.xctest */,
				03BBBF132C696E5900E8B611 /* FinalProjectUITests.xctest */,
			);
			name = Products;
			sourceTree = "<group>";
		};
		03BBBEFB2C696E5500E8B611 /* FinalProject */ = {
			isa = PBXGroup;
			children = (
				03BBBF282C6971BB00E8B611 /* Preview Content */,
				03BBBEFC2C696E5500E8B611 /* FinalProjectApp.swift */,
				03BBBEFE2C696E5500E8B611 /* ContentView.swift */,
				03BBBF262C696EDB00E8B611 /* GameView.swift */,
				03BBBF2D2C69934B00E8B611 /* backgroundimage.jpg */,
				03BBBF002C696E5800E8B611 /* Assets.xcassets */,
				03BBBF2B2C69746600E8B611 /* DatabaseManager.swift */,
			);
			path = FinalProject;
			sourceTree = "<group>";
		};
		03BBBF0C2C696E5900E8B611 /* FinalProjectTests */ = {
			isa = PBXGroup;
			children = (
				03BBBF0D2C696E5900E8B611 /* FinalProjectTests.swift */,
			);
			path = FinalProjectTests;
			sourceTree = "<group>";
		};
		03BBBF162C696E5900E8B611 /* FinalProjectUITests */ = {
			isa = PBXGroup;
			children = (
				03BBBF172C696E5900E8B611 /* FinalProjectUITests.swift */,
				03BBBF192C696E5900E8B611 /* FinalProjectUITestsLaunchTests.swift */,
			);
			path = FinalProjectUITests;
			sourceTree = "<group>";
		};
		03BBBF282C6971BB00E8B611 /* Preview Content */ = {
			isa = PBXGroup;
			children = (
				03BBBF292C69721400E8B611 /* Preview Assets.xcassets */,
			);
			path = "Preview Content";
			sourceTree = "<group>";
		};
/* End PBXGroup section */

/* Begin PBXNativeTarget section */
		03BBBEF82C696E5500E8B611 /* FinalProject */ = {
			isa = PBXNativeTarget;
			buildConfigurationList = 03BBBF1D2C696E5900E8B611 /* Build configuration list for PBXNativeTarget "FinalProject" */;
			buildPhases = (
				03BBBEF52C696E5500E8B611 /* Sources */,
				03BBBEF62C696E5500E8B611 /* Frameworks */,
				03BBBEF72C696E5500E8B611 /* Resources */,
			);
			buildRules = (
			);
			dependencies = (
			);
			name = FinalProject;
			productName = FinalProject;
			productReference = 03BBBEF92C696E5500E8B611 /* FinalProject.app */;
			productType = "com.apple.product-type.application";
		};
		03BBBF082C696E5900E8B611 /* FinalProjectTests */ = {
			isa = PBXNativeTarget;
			buildConfigurationList = 03BBBF202C696E5900E8B611 /* Build configuration list for PBXNativeTarget "FinalProjectTests" */;
			buildPhases = (
				03BBBF052C696E5900E8B611 /* Sources */,
				03BBBF062C696E5900E8B611 /* Frameworks */,
				03BBBF072C696E5900E8B611 /* Resources */,
			);
			buildRules = (
			);
			dependencies = (
				03BBBF0B2C696E5900E8B611 /* PBXTargetDependency */,
			);
			name = FinalProjectTests;
			productName = FinalProjectTests;
			productReference = 03BBBF092C696E5900E8B611 /* FinalProjectTests.xctest */;
			productType = "com.apple.product-type.bundle.unit-test";
		};
		03BBBF122C696E5900E8B611 /* FinalProjectUITests */ = {
			isa = PBXNativeTarget;
			buildConfigurationList = 03BBBF232C696E5900E8B611 /* Build configuration list for PBXNativeTarget "FinalProjectUITests" */;
			buildPhases = (
				03BBBF0F2C696E5900E8B611 /* Sources */,
				03BBBF102C696E5900E8B611 /* Frameworks */,
				03BBBF112C696E5900E8B611 /* Resources */,
			);
			buildRules = (
			);
			dependencies = (
				03BBBF152C696E5900E8B611 /* PBXTargetDependency */,
			);
			name = FinalProjectUITests;
			productName = FinalProjectUITests;
			productReference = 03BBBF132C696E5900E8B611 /* FinalProjectUITests.xctest */;
			productType = "com.apple.product-type.bundle.ui-testing";
		};
/* End PBXNativeTarget section */

/* Begin PBXProject section */
		03BBBEF12C696E5500E8B611 /* Project object */ = {
			isa = PBXProject;
			attributes = {
				BuildIndependentTargetsInParallel = 1;
				LastSwiftUpdateCheck = 1540;
				LastUpgradeCheck = 1540;
				TargetAttributes = {
					03BBBEF82C696E5500E8B611 = {
						CreatedOnToolsVersion = 15.4;
					};
					03BBBF082C696E5900E8B611 = {
						CreatedOnToolsVersion = 15.4;
						TestTargetID = 03BBBEF82C696E5500E8B611;
					};
					03BBBF122C696E5900E8B611 = {
						CreatedOnToolsVersion = 15.4;
						TestTargetID = 03BBBEF82C696E5500E8B611;
					};
				};
			};
			buildConfigurationList = 03BBBEF42C696E5500E8B611 /* Build configuration list for PBXProject "FinalProject" */;
			compatibilityVersion = "Xcode 14.0";
			developmentRegion = en;
			hasScannedForEncodings = 0;
			knownRegions = (
				en,
				Base,
			);
			mainGroup = 03BBBEF02C696E5500E8B611;
			productRefGroup = 03BBBEFA2C696E5500E8B611 /* Products */;
			projectDirPath = "";
			projectRoot = "";
			targets = (
				03BBBEF82C696E5500E8B611 /* FinalProject */,
				03BBBF082C696E5900E8B611 /* FinalProjectTests */,
				03BBBF122C696E5900E8B611 /* FinalProjectUITests */,
			);
		};
/* End PBXProject section */

/* Begin PBXResourcesBuildPhase section */
		03BBBEF72C696E5500E8B611 /* Resources */ = {
			isa = PBXResourcesBuildPhase;
			buildActionMask = 2147483647;
			files = (
				03BBBF2A2C69721400E8B611 /* Preview Assets.xcassets in Resources */,
				03BBBF012C696E5800E8B611 /* Assets.xcassets in Resources */,
				03BBBF2E2C69934B00E8B611 /* backgroundimage.jpg in Resources */,
			);
			runOnlyForDeploymentPostprocessing = 0;
		};
		03BBBF072C696E5900E8B611 /* Resources */ = {
			isa = PBXResourcesBuildPhase;
			buildActionMask = 2147483647;
			files = (
			);
			runOnlyForDeploymentPostprocessing = 0;
		};
		03BBBF112C696E5900E8B611 /* Resources */ = {
			isa = PBXResourcesBuildPhase;
			buildActionMask = 2147483647;
			files = (
			);
			runOnlyForDeploymentPostprocessing = 0;
		};
/* End PBXResourcesBuildPhase section */

/* Begin PBXSourcesBuildPhase section */
		03BBBEF52C696E5500E8B611 /* Sources */ = {
			isa = PBXSourcesBuildPhase;
			buildActionMask = 2147483647;
			files = (
				03BBBF2C2C69746600E8B611 /* DatabaseManager.swift in Sources */,
				03BBBEFF2C696E5500E8B611 /* ContentView.swift in Sources */,
				03BBBF272C696EDB00E8B611 /* GameView.swift in Sources */,
				03BBBEFD2C696E5500E8B611 /* FinalProjectApp.swift in Sources */,
			);
			runOnlyForDeploymentPostprocessing = 0;
		};
		03BBBF052C696E5900E8B611 /* Sources */ = {
			isa = PBXSourcesBuildPhase;
			buildActionMask = 2147483647;
			files = (
				03BBBF0E2C696E5900E8B611 /* FinalProjectTests.swift in Sources */,
			);
			runOnlyForDeploymentPostprocessing = 0;
		};
		03BBBF0F2C696E5900E8B611 /* Sources */ = {
			isa = PBXSourcesBuildPhase;
			buildActionMask = 2147483647;
			files = (
				03BBBF182C696E5900E8B611 /* FinalProjectUITests.swift in Sources */,
				03BBBF1A2C696E5900E8B611 /* FinalProjectUITestsLaunchTests.swift in Sources */,
			);
			runOnlyForDeploymentPostprocessing = 0;
		};
/* End PBXSourcesBuildPhase section */

/* Begin PBXTargetDependency section */
		03BBBF0B2C696E5900E8B611 /* PBXTargetDependency */ = {
			isa = PBXTargetDependency;
			target = 03BBBEF82C696E5500E8B611 /* FinalProject */;
			targetProxy = 03BBBF0A2C696E5900E8B611 /* PBXContainerItemProxy */;
		};
		03BBBF152C696E5900E8B611 /* PBXTargetDependency */ = {
			isa = PBXTargetDependency;
			target = 03BBBEF82C696E5500E8B611 /* FinalProject */;
			targetProxy = 03BBBF142C696E5900E8B611 /* PBXContainerItemProxy */;
		};
/* End PBXTargetDependency section */

/* Begin XCBuildConfiguration section */
		03BBBF1B2C696E5900E8B611 /* Debug */ = {
			isa = XCBuildConfiguration;
			buildSettings = {
				ALWAYS_SEARCH_USER_PATHS = NO;
				ASSETCATALOG_COMPILER_GENERATE_SWIFT_ASSET_SYMBOL_EXTENSIONS = YES;
				CLANG_ANALYZER_NONNULL = YES;
				CLANG_ANALYZER_NUMBER_OBJECT_CONVERSION = YES_AGGRESSIVE;
				CLANG_CXX_LANGUAGE_STANDARD = "gnu++20";
				CLANG_ENABLE_MODULES = YES;
				CLANG_ENABLE_OBJC_ARC = YES;
				CLANG_ENABLE_OBJC_WEAK = YES;
				CLANG_WARN_BLOCK_CAPTURE_AUTORELEASING = YES;
				CLANG_WARN_BOOL_CONVERSION = YES;
				CLANG_WARN_COMMA = YES;
				CLANG_WARN_CONSTANT_CONVERSION = YES;
				CLANG_WARN_DEPRECATED_OBJC_IMPLEMENTATIONS = YES;
				CLANG_WARN_DIRECT_OBJC_ISA_USAGE = YES_ERROR;
				CLANG_WARN_DOCUMENTATION_COMMENTS = YES;
				CLANG_WARN_EMPTY_BODY = YES;
				CLANG_WARN_ENUM_CONVERSION = YES;
				CLANG_WARN_INFINITE_RECURSION = YES;
				CLANG_WARN_INT_CONVERSION = YES;
				CLANG_WARN_NON_LITERAL_NULL_CONVERSION = YES;
				CLANG_WARN_OBJC_IMPLICIT_RETAIN_SELF = YES;
				CLANG_WARN_OBJC_LITERAL_CONVERSION = YES;
				CLANG_WARN_OBJC_ROOT_CLASS = YES_ERROR;
				CLANG_WARN_QUOTED_INCLUDE_IN_FRAMEWORK_HEADER = YES;
				CLANG_WARN_RANGE_LOOP_ANALYSIS = YES;
				CLANG_WARN_STRICT_PROTOTYPES = YES;
				CLANG_WARN_SUSPICIOUS_MOVE = YES;
				CLANG_WARN_UNGUARDED_AVAILABILITY = YES_AGGRESSIVE;
				CLANG_WARN_UNREACHABLE_CODE = YES;
				CLANG_WARN__DUPLICATE_METHOD_MATCH = YES;
				COPY_PHASE_STRIP = NO;
				DEBUG_INFORMATION_FORMAT = dwarf;
				ENABLE_STRICT_OBJC_MSGSEND = YES;
				ENABLE_TESTABILITY = YES;
				ENABLE_USER_SCRIPT_SANDBOXING = YES;
				GCC_C_LANGUAGE_STANDARD = gnu17;
				GCC_DYNAMIC_NO_PIC = NO;
				GCC_NO_COMMON_BLOCKS = YES;
				GCC_OPTIMIZATION_LEVEL = 0;
				GCC_PREPROCESSOR_DEFINITIONS = (
					"DEBUG=1",
					"$(inherited)",
				);
				GCC_WARN_64_TO_32_BIT_CONVERSION = YES;
				GCC_WARN_ABOUT_RETURN_TYPE = YES_ERROR;
				GCC_WARN_UNDECLARED_SELECTOR = YES;
				GCC_WARN_UNINITIALIZED_AUTOS = YES_AGGRESSIVE;
				GCC_WARN_UNUSED_FUNCTION = YES;
				GCC_WARN_UNUSED_VARIABLE = YES;
				IPHONEOS_DEPLOYMENT_TARGET = 17.5;
				LOCALIZATION_PREFERS_STRING_CATALOGS = YES;
				MTL_ENABLE_DEBUG_INFO = INCLUDE_SOURCE;
				MTL_FAST_MATH = YES;
				ONLY_ACTIVE_ARCH = YES;
				SDKROOT = iphoneos;
				SWIFT_ACTIVE_COMPILATION_CONDITIONS = "DEBUG $(inherited)";
				SWIFT_OPTIMIZATION_LEVEL = "-Onone";
			};
			name = Debug;
		};
		03BBBF1C2C696E5900E8B611 /* Release */ = {
			isa = XCBuildConfiguration;
			buildSettings = {
				ALWAYS_SEARCH_USER_PATHS = NO;
				ASSETCATALOG_COMPILER_GENERATE_SWIFT_ASSET_SYMBOL_EXTENSIONS = YES;
				CLANG_ANALYZER_NONNULL = YES;
				CLANG_ANALYZER_NUMBER_OBJECT_CONVERSION = YES_AGGRESSIVE;
				CLANG_CXX_LANGUAGE_STANDARD = "gnu++20";
				CLANG_ENABLE_MODULES = YES;
				CLANG_ENABLE_OBJC_ARC = YES;
				CLANG_ENABLE_OBJC_WEAK = YES;
				CLANG_WARN_BLOCK_CAPTURE_AUTORELEASING = YES;
				CLANG_WARN_BOOL_CONVERSION = YES;
				CLANG_WARN_COMMA = YES;
				CLANG_WARN_CONSTANT_CONVERSION = YES;
				CLANG_WARN_DEPRECATED_OBJC_IMPLEMENTATIONS = YES;
				CLANG_WARN_DIRECT_OBJC_ISA_USAGE = YES_ERROR;
				CLANG_WARN_DOCUMENTATION_COMMENTS = YES;
				CLANG_WARN_EMPTY_BODY = YES;
				CLANG_WARN_ENUM_CONVERSION = YES;
				CLANG_WARN_INFINITE_RECURSION = YES;
				CLANG_WARN_INT_CONVERSION = YES;
				CLANG_WARN_NON_LITERAL_NULL_CONVERSION = YES;
				CLANG_WARN_OBJC_IMPLICIT_RETAIN_SELF = YES;
				CLANG_WARN_OBJC_LITERAL_CONVERSION = YES;
				CLANG_WARN_OBJC_ROOT_CLASS = YES_ERROR;
				CLANG_WARN_QUOTED_INCLUDE_IN_FRAMEWORK_HEADER = YES;
				CLANG_WARN_RANGE_LOOP_ANALYSIS = YES;
				CLANG_WARN_STRICT_PROTOTYPES = YES;
				CLANG_WARN_SUSPICIOUS_MOVE = YES;
				CLANG_WARN_UNGUARDED_AVAILABILITY = YES_AGGRESSIVE;
				CLANG_WARN_UNREACHABLE_CODE = YES;
				CLANG_WARN__DUPLICATE_METHOD_MATCH = YES;
				COPY_PHASE_STRIP = NO;
				DEBUG_INFORMATION_FORMAT = "dwarf-with-dsym";
				ENABLE_NS_ASSERTIONS = NO;
				ENABLE_STRICT_OBJC_MSGSEND = YES;
				ENABLE_USER_SCRIPT_SANDBOXING = YES;
				GCC_C_LANGUAGE_STANDARD = gnu17;
				GCC_NO_COMMON_BLOCKS = YES;
				GCC_WARN_64_TO_32_BIT_CONVERSION = YES;
				GCC_WARN_ABOUT_RETURN_TYPE = YES_ERROR;
				GCC_WARN_UNDECLARED_SELECTOR = YES;
				GCC_WARN_UNINITIALIZED_AUTOS = YES_AGGRESSIVE;
				GCC_WARN_UNUSED_FUNCTION = YES;
				GCC_WARN_UNUSED_VARIABLE = YES;
				IPHONEOS_DEPLOYMENT_TARGET = 17.5;
				LOCALIZATION_PREFERS_STRING_CATALOGS = YES;
				MTL_ENABLE_DEBUG_INFO = NO;
				MTL_FAST_MATH = YES;
				SDKROOT = iphoneos;
				SWIFT_COMPILATION_MODE = wholemodule;
				VALIDATE_PRODUCT = YES;
			};
			name = Release;
		};
		03BBBF1E2C696E5900E8B611 /* Debug */ = {
			isa = XCBuildConfiguration;
			buildSettings = {
				ASSETCATALOG_COMPILER_APPICON_NAME = AppIcon;
				ASSETCATALOG_COMPILER_GLOBAL_ACCENT_COLOR_NAME = AccentColor;
				CODE_SIGN_STYLE = Automatic;
				CURRENT_PROJECT_VERSION = 1;
				DEVELOPMENT_ASSET_PATHS = "\"FinalProject/Preview Content\"";
				ENABLE_PREVIEWS = YES;
				GENERATE_INFOPLIST_FILE = YES;
				INFOPLIST_KEY_UIApplicationSceneManifest_Generation = YES;
				INFOPLIST_KEY_UIApplicationSupportsIndirectInputEvents = YES;
				INFOPLIST_KEY_UILaunchScreen_Generation = YES;
				INFOPLIST_KEY_UISupportedInterfaceOrientations_iPad = "UIInterfaceOrientationPortrait UIInterfaceOrientationPortraitUpsideDown UIInterfaceOrientationLandscapeLeft UIInterfaceOrientationLandscapeRight";
				INFOPLIST_KEY_UISupportedInterfaceOrientations_iPhone = "UIInterfaceOrientationPortrait UIInterfaceOrientationLandscapeLeft UIInterfaceOrientationLandscapeRight";
				LD_RUNPATH_SEARCH_PATHS = (
					"$(inherited)",
					"@executable_path/Frameworks",
				);
				MARKETING_VERSION = 1.0;
				PRODUCT_BUNDLE_IDENTIFIER = com.FinalProject;
				PRODUCT_NAME = "$(TARGET_NAME)";
				SWIFT_EMIT_LOC_STRINGS = YES;
				SWIFT_VERSION = 5.0;
				TARGETED_DEVICE_FAMILY = "1,2";
			};
			name = Debug;
		};
		03BBBF1F2C696E5900E8B611 /* Release */ = {
			isa = XCBuildConfiguration;
			buildSettings = {
				ASSETCATALOG_COMPILER_APPICON_NAME = AppIcon;
				ASSETCATALOG_COMPILER_GLOBAL_ACCENT_COLOR_NAME = AccentColor;
				CODE_SIGN_STYLE = Automatic;
				CURRENT_PROJECT_VERSION = 1;
				DEVELOPMENT_ASSET_PATHS = "\"FinalProject/Preview Content\"";
				ENABLE_PREVIEWS = YES;
				GENERATE_INFOPLIST_FILE = YES;
				INFOPLIST_KEY_UIApplicationSceneManifest_Generation = YES;
				INFOPLIST_KEY_UIApplicationSupportsIndirectInputEvents = YES;
				INFOPLIST_KEY_UILaunchScreen_Generation = YES;
				INFOPLIST_KEY_UISupportedInterfaceOrientations_iPad = "UIInterfaceOrientationPortrait UIInterfaceOrientationPortraitUpsideDown UIInterfaceOrientationLandscapeLeft UIInterfaceOrientationLandscapeRight";
				INFOPLIST_KEY_UISupportedInterfaceOrientations_iPhone = "UIInterfaceOrientationPortrait UIInterfaceOrientationLandscapeLeft UIInterfaceOrientationLandscapeRight";
				LD_RUNPATH_SEARCH_PATHS = (
					"$(inherited)",
					"@executable_path/Frameworks",
				);
				MARKETING_VERSION = 1.0;
				PRODUCT_BUNDLE_IDENTIFIER = com.FinalProject;
				PRODUCT_NAME = "$(TARGET_NAME)";
				SWIFT_EMIT_LOC_STRINGS = YES;
				SWIFT_VERSION = 5.0;
				TARGETED_DEVICE_FAMILY = "1,2";
			};
			name = Release;
		};
		03BBBF212C696E5900E8B611 /* Debug */ = {
			isa = XCBuildConfiguration;
			buildSettings = {
				ALWAYS_EMBED_SWIFT_STANDARD_LIBRARIES = YES;
				BUNDLE_LOADER = "$(TEST_HOST)";
				CODE_SIGN_STYLE = Automatic;
				CURRENT_PROJECT_VERSION = 1;
				GENERATE_INFOPLIST_FILE = YES;
				IPHONEOS_DEPLOYMENT_TARGET = 17.5;
				MARKETING_VERSION = 1.0;
				PRODUCT_BUNDLE_IDENTIFIER = com.FinalProjectTests;
				PRODUCT_NAME = "$(TARGET_NAME)";
				SWIFT_EMIT_LOC_STRINGS = NO;
				SWIFT_VERSION = 5.0;
				TARGETED_DEVICE_FAMILY = "1,2";
				TEST_HOST = "$(BUILT_PRODUCTS_DIR)/FinalProject.app/$(BUNDLE_EXECUTABLE_FOLDER_PATH)/FinalProject";
			};
			name = Debug;
		};
		03BBBF222C696E5900E8B611 /* Release */ = {
			isa = XCBuildConfiguration;
			buildSettings = {
				ALWAYS_EMBED_SWIFT_STANDARD_LIBRARIES = YES;
				BUNDLE_LOADER = "$(TEST_HOST)";
				CODE_SIGN_STYLE = Automatic;
				CURRENT_PROJECT_VERSION = 1;
				GENERATE_INFOPLIST_FILE = YES;
				IPHONEOS_DEPLOYMENT_TARGET = 17.5;
				MARKETING_VERSION = 1.0;
				PRODUCT_BUNDLE_IDENTIFIER = com.FinalProjectTests;
				PRODUCT_NAME = "$(TARGET_NAME)";
				SWIFT_EMIT_LOC_STRINGS = NO;
				SWIFT_VERSION = 5.0;
				TARGETED_DEVICE_FAMILY = "1,2";
				TEST_HOST = "$(BUILT_PRODUCTS_DIR)/FinalProject.app/$(BUNDLE_EXECUTABLE_FOLDER_PATH)/FinalProject";
			};
			name = Release;
		};
		03BBBF242C696E5900E8B611 /* Debug */ = {
			isa = XCBuildConfiguration;
			buildSettings = {
				ALWAYS_EMBED_SWIFT_STANDARD_LIBRARIES = YES;
				CODE_SIGN_STYLE = Automatic;
				CURRENT_PROJECT_VERSION = 1;
				GENERATE_INFOPLIST_FILE = YES;
				MARKETING_VERSION = 1.0;
				PRODUCT_BUNDLE_IDENTIFIER = com.FinalProjectUITests;
				PRODUCT_NAME = "$(TARGET_NAME)";
				SWIFT_EMIT_LOC_STRINGS = NO;
				SWIFT_VERSION = 5.0;
				TARGETED_DEVICE_FAMILY = "1,2";
				TEST_TARGET_NAME = FinalProject;
			};
			name = Debug;
		};
		03BBBF252C696E5900E8B611 /* Release */ = {
			isa = XCBuildConfiguration;
			buildSettings = {
				ALWAYS_EMBED_SWIFT_STANDARD_LIBRARIES = YES;
				CODE_SIGN_STYLE = Automatic;
				CURRENT_PROJECT_VERSION = 1;
				GENERATE_INFOPLIST_FILE = YES;
				MARKETING_VERSION = 1.0;
				PRODUCT_BUNDLE_IDENTIFIER = com.FinalProjectUITests;
				PRODUCT_NAME = "$(TARGET_NAME)";
				SWIFT_EMIT_LOC_STRINGS = NO;
				SWIFT_VERSION = 5.0;
				TARGETED_DEVICE_FAMILY = "1,2";
				TEST_TARGET_NAME = FinalProject;
			};
			name = Release;
		};
/* End XCBuildConfiguration section */

/* Begin XCConfigurationList section */
		03BBBEF42C696E5500E8B611 /* Build configuration list for PBXProject "FinalProject" */ = {
			isa = XCConfigurationList;
			buildConfigurations = (
				03BBBF1B2C696E5900E8B611 /* Debug */,
				03BBBF1C2C696E5900E8B611 /* Release */,
			);
			defaultConfigurationIsVisible = 0;
			defaultConfigurationName = Release;
		};
		03BBBF1D2C696E5900E8B611 /* Build configuration list for PBXNativeTarget "FinalProject" */ = {
			isa = XCConfigurationList;
			buildConfigurations = (
				03BBBF1E2C696E5900E8B611 /* Debug */,
				03BBBF1F2C696E5900E8B611 /* Release */,
			);
			defaultConfigurationIsVisible = 0;
			defaultConfigurationName = Release;
		};
		03BBBF202C696E5900E8B611 /* Build configuration list for PBXNativeTarget "FinalProjectTests" */ = {
			isa = XCConfigurationList;
			buildConfigurations = (
				03BBBF212C696E5900E8B611 /* Debug */,
				03BBBF222C696E5900E8B611 /* Release */,
			);
			defaultConfigurationIsVisible = 0;
			defaultConfigurationName = Release;
		};
		03BBBF232C696E5900E8B611 /* Build configuration list for PBXNativeTarget "FinalProjectUITests" */ = {
			isa = XCConfigurationList;
			buildConfigurations = (
				03BBBF242C696E5900E8B611 /* Debug */,
				03BBBF252C696E5900E8B611 /* Release */,
			);
			defaultConfigurationIsVisible = 0;
			defaultConfigurationName = Release;
		};
/* End XCConfigurationList section */
	};
	rootObject = 03BBBEF12C696E5500E8B611 /* Project object */;
}
